
Microsoft Visual Studio Solution File, Format Version 12.00
# Visual Studio Version 17
VisualStudioVersion = 17.8.34511.84
MinimumVisualStudioVersion = 10.0.40219.1
Project("{9A19103F-16F7-4668-BE54-9A1E7A4F7556}") = "Api", "Api\Api.csproj", "{7B268BEF-BDD4-44B6-9C5D-E6E5FAD9C665}"
EndProject
Project("{9A19103F-16F7-4668-BE54-9A1E7A4F7556}") = "Domain", "Domain\Domain.csproj", "{EDED3E41-490E-40FD-9A04-0EF75EA69867}"
EndProject
Project("{9A19103F-16F7-4668-BE54-9A1E7A4F7556}") = "DataAccess", "DataAccess\DataAccess.csproj", "{655D2BF3-4089-41D9-8278-191F57EC62DC}"
EndProject
Project("{9A19103F-16F7-4668-BE54-9A1E7A4F7556}") = "UnitTests", "UnitTests\UnitTests.csproj", "{6C1D5D02-8AC1-473F-9160-39E04A48DC04}"
EndProject
Project("{9A19103F-16F7-4668-BE54-9A1E7A4F7556}") = "IntergrationTests", "IntergrationTests\IntergrationTests.csproj", "{A2963AB0-4502-4122-8026-54D6691652EA}"
EndProject
Global
	GlobalSection(SolutionConfigurationPlatforms) = preSolution
		Debug|Any CPU = Debug|Any CPU
		Release|Any CPU = Release|Any CPU
	EndGlobalSection
	GlobalSection(ProjectConfigurationPlatforms) = postSolution
		{7B268BEF-BDD4-44B6-9C5D-E6E5FAD9C665}.Debug|Any CPU.ActiveCfg = Debug|Any CPU
		{7B268BEF-BDD4-44B6-9C5D-E6E5FAD9C665}.Debug|Any CPU.Build.0 = Debug|Any CPU
		{7B268BEF-BDD4-44B6-9C5D-E6E5FAD9C665}.Release|Any CPU.ActiveCfg = Release|Any CPU
		{7B268BEF-BDD4-44B6-9C5D-E6E5FAD9C665}.Release|Any CPU.Build.0 = Release|Any CPU
		{EDED3E41-490E-40FD-9A04-0EF75EA69867}.Debug|Any CPU.ActiveCfg = Debug|Any CPU
		{EDED3E41-490E-40FD-9A04-0EF75EA69867}.Debug|Any CPU.Build.0 = Debug|Any CPU
		{EDED3E41-490E-40FD-9A04-0EF75EA69867}.Release|Any CPU.ActiveCfg = Release|Any CPU
		{EDED3E41-490E-40FD-9A04-0EF75EA69867}.Release|Any CPU.Build.0 = Release|Any CPU
		{655D2BF3-4089-41D9-8278-191F57EC62DC}.Debug|Any CPU.ActiveCfg = Debug|Any CPU
		{655D2BF3-4089-41D9-8278-191F57EC62DC}.Debug|Any CPU.Build.0 = Debug|Any CPU
		{655D2BF3-4089-41D9-8278-191F57EC62DC}.Release|Any CPU.ActiveCfg = Release|Any CPU
		{655D2BF3-4089-41D9-8278-191F57EC62DC}.Release|Any CPU.Build.0 = Release|Any CPU
		{6C1D5D02-8AC1-473F-9160-39E04A48DC04}.Debug|Any CPU.ActiveCfg = Debug|Any CPU
		{6C1D5D02-8AC1-473F-9160-39E04A48DC04}.Debug|Any CPU.Build.0 = Debug|Any CPU
		{6C1D5D02-8AC1-473F-9160-39E04A48DC04}.Release|Any CPU.ActiveCfg = Release|Any CPU
		{6C1D5D02-8AC1-473F-9160-39E04A48DC04}.Release|Any CPU.Build.0 = Release|Any CPU
		{A2963AB0-4502-4122-8026-54D6691652EA}.Debug|Any CPU.ActiveCfg = Debug|Any CPU
		{A2963AB0-4502-4122-8026-54D6691652EA}.Debug|Any CPU.Build.0 = Debug|Any CPU
		{A2963AB0-4502-4122-8026-54D6691652EA}.Release|Any CPU.ActiveCfg = Release|Any CPU
		{A2963AB0-4502-4122-8026-54D6691652EA}.Release|Any CPU.Build.0 = Release|Any CPU
	EndGlobalSection
	GlobalSection(SolutionProperties) = preSolution
		HideSolutionNode = FALSE
	EndGlobalSection
	GlobalSection(ExtensibilityGlobals) = postSolution
		SolutionGuid = {811B6AC0-9EEC-4312-AFC0-EE9D3A73297D}
	EndGlobalSection
EndGlobal
